
Microsoft Visual Studio Solution File, Format Version 12.00
# Visual Studio Version 16
VisualStudioVersion = 16.0.30309.148
MinimumVisualStudioVersion = 10.0.40219.1
Project("{FAE04EC0-301F-11D3-BF4B-00C04F79EFBC}") = "Paskaita21", "Paskaita21.csproj", "{3D0A7F4F-A3CE-47F5-8870-71ED9944EE97}"
EndProject
Global
	GlobalSection(SolutionConfigurationPlatforms) = preSolution
		Debug|Any CPU = Debug|Any CPU
		Release|Any CPU = Release|Any CPU
	EndGlobalSection
	GlobalSection(ProjectConfigurationPlatforms) = postSolution
		{3D0A7F4F-A3CE-47F5-8870-71ED9944EE97}.Debug|Any CPU.ActiveCfg = Debug|Any CPU
		{3D0A7F4F-A3CE-47F5-8870-71ED9944EE97}.Debug|Any CPU.Build.0 = Debug|Any CPU
		{3D0A7F4F-A3CE-47F5-8870-71ED9944EE97}.Release|Any CPU.ActiveCfg = Release|Any CPU
		{3D0A7F4F-A3CE-47F5-8870-71ED9944EE97}.Release|Any CPU.Build.0 = Release|Any CPU
	EndGlobalSection
	GlobalSection(SolutionProperties) = preSolution
		HideSolutionNode = FALSE
	EndGlobalSection
	GlobalSection(ExtensibilityGlobals) = postSolution
		SolutionGuid = {C2BA5276-A302-48D8-98F8-FC56703C9D01}
	EndGlobalSection
EndGlobal
